// !$*UTF8*$!
{
	archiveVersion = 1;
	classes = {
	};
	objectVersion = 50;
	objects = {

/* Begin PBXBuildFile section */
		3C63F89A2460522900EBA3A7 /* CityRow.swift in Sources */ = {isa = PBXBuildFile; fileRef = 3C63F8992460522900EBA3A7 /* CityRow.swift */; };
		3C63F89F2460564F00EBA3A7 /* Data.swift in Sources */ = {isa = PBXBuildFile; fileRef = 3C63F89E2460564F00EBA3A7 /* Data.swift */; };
		3C63F8A12460567000EBA3A7 /* citiesData.json in Resources */ = {isa = PBXBuildFile; fileRef = 3C63F8A02460567000EBA3A7 /* citiesData.json */; };
		3C63F8A3246058C200EBA3A7 /* CityList.swift in Sources */ = {isa = PBXBuildFile; fileRef = 3C63F8A2246058C200EBA3A7 /* CityList.swift */; };
		3C87201024606D7B00839B48 /* README.md in Resources */ = {isa = PBXBuildFile; fileRef = 3C87200F24606D7B00839B48 /* README.md */; };
		3C9F9C62245212FA00069BBC /* City.swift in Sources */ = {isa = PBXBuildFile; fileRef = 3C9F9C61245212FA00069BBC /* City.swift */; };
		3CB04EC72460884700A9EDBB /* UserData.swift in Sources */ = {isa = PBXBuildFile; fileRef = 3CB04EC62460884700A9EDBB /* UserData.swift */; };
		3CB04ECA2460B7C100A9EDBB /* CategoryHome.swift in Sources */ = {isa = PBXBuildFile; fileRef = 3CB04EC92460B7C100A9EDBB /* CategoryHome.swift */; };
		3CB04ECC2460B8DC00A9EDBB /* CategoryRow.swift in Sources */ = {isa = PBXBuildFile; fileRef = 3CB04ECB2460B8DC00A9EDBB /* CategoryRow.swift */; };
		3CB04ECE2461A00900A9EDBB /* PageViewController.swift in Sources */ = {isa = PBXBuildFile; fileRef = 3CB04ECD2461A00900A9EDBB /* PageViewController.swift */; };
		3CB04ED02461A06900A9EDBB /* PageView.swift in Sources */ = {isa = PBXBuildFile; fileRef = 3CB04ECF2461A06900A9EDBB /* PageView.swift */; };
		3CB39F0B2451FE7700B6AD0A /* AppDelegate.swift in Sources */ = {isa = PBXBuildFile; fileRef = 3CB39F0A2451FE7700B6AD0A /* AppDelegate.swift */; };
		3CB39F0D2451FE7700B6AD0A /* SceneDelegate.swift in Sources */ = {isa = PBXBuildFile; fileRef = 3CB39F0C2451FE7700B6AD0A /* SceneDelegate.swift */; };
		3CB39F0F2451FE7700B6AD0A /* CityDetails.swift in Sources */ = {isa = PBXBuildFile; fileRef = 3CB39F0E2451FE7700B6AD0A /* CityDetails.swift */; };
		3CB39F112451FE7A00B6AD0A /* Assets.xcassets in Resources */ = {isa = PBXBuildFile; fileRef = 3CB39F102451FE7A00B6AD0A /* Assets.xcassets */; };
		3CB39F142451FE7A00B6AD0A /* Preview Assets.xcassets in Resources */ = {isa = PBXBuildFile; fileRef = 3CB39F132451FE7A00B6AD0A /* Preview Assets.xcassets */; };
		3CB39F172451FE7A00B6AD0A /* LaunchScreen.storyboard in Resources */ = {isa = PBXBuildFile; fileRef = 3CB39F152451FE7A00B6AD0A /* LaunchScreen.storyboard */; };
		3CB39F1F245201CB00B6AD0A /* CircleImage.swift in Sources */ = {isa = PBXBuildFile; fileRef = 3CB39F1E245201CB00B6AD0A /* CircleImage.swift */; };
		3CB39F21245204C000B6AD0A /* MapView.swift in Sources */ = {isa = PBXBuildFile; fileRef = 3CB39F20245204C000B6AD0A /* MapView.swift */; };
		3CE85FA22461A78100B7A893 /* FeaturedView.swift in Sources */ = {isa = PBXBuildFile; fileRef = 3CE85FA12461A78100B7A893 /* FeaturedView.swift */; };
		3CE85FA42461ABD800B7A893 /* PageControl.swift in Sources */ = {isa = PBXBuildFile; fileRef = 3CE85FA32461ABD800B7A893 /* PageControl.swift */; };
/* End PBXBuildFile section */

/* Begin PBXFileReference section */
		3C63F8992460522900EBA3A7 /* CityRow.swift */ = {isa = PBXFileReference; lastKnownFileType = sourcecode.swift; path = CityRow.swift; sourceTree = "<group>"; };
		3C63F89E2460564F00EBA3A7 /* Data.swift */ = {isa = PBXFileReference; fileEncoding = 4; lastKnownFileType = sourcecode.swift; path = Data.swift; sourceTree = "<group>"; };
		3C63F8A02460567000EBA3A7 /* citiesData.json */ = {isa = PBXFileReference; fileEncoding = 4; lastKnownFileType = text.json; path = citiesData.json; sourceTree = "<group>"; };
		3C63F8A2246058C200EBA3A7 /* CityList.swift */ = {isa = PBXFileReference; lastKnownFileType = sourcecode.swift; path = CityList.swift; sourceTree = "<group>"; };
		3C87200F24606D7B00839B48 /* README.md */ = {isa = PBXFileReference; fileEncoding = 4; lastKnownFileType = net.daringfireball.markdown; path = README.md; sourceTree = "<group>"; };
		3C9F9C61245212FA00069BBC /* City.swift */ = {isa = PBXFileReference; lastKnownFileType = sourcecode.swift; path = City.swift; sourceTree = "<group>"; };
		3CB04EC62460884700A9EDBB /* UserData.swift */ = {isa = PBXFileReference; lastKnownFileType = sourcecode.swift; path = UserData.swift; sourceTree = "<group>"; };
		3CB04EC92460B7C100A9EDBB /* CategoryHome.swift */ = {isa = PBXFileReference; lastKnownFileType = sourcecode.swift; path = CategoryHome.swift; sourceTree = "<group>"; };
		3CB04ECB2460B8DC00A9EDBB /* CategoryRow.swift */ = {isa = PBXFileReference; lastKnownFileType = sourcecode.swift; path = CategoryRow.swift; sourceTree = "<group>"; };
		3CB04ECD2461A00900A9EDBB /* PageViewController.swift */ = {isa = PBXFileReference; lastKnownFileType = sourcecode.swift; path = PageViewController.swift; sourceTree = "<group>"; };
		3CB04ECF2461A06900A9EDBB /* PageView.swift */ = {isa = PBXFileReference; lastKnownFileType = sourcecode.swift; path = PageView.swift; sourceTree = "<group>"; };
		3CB39F072451FE7700B6AD0A /* Places.app */ = {isa = PBXFileReference; explicitFileType = wrapper.application; includeInIndex = 0; path = Places.app; sourceTree = BUILT_PRODUCTS_DIR; };
		3CB39F0A2451FE7700B6AD0A /* AppDelegate.swift */ = {isa = PBXFileReference; lastKnownFileType = sourcecode.swift; path = AppDelegate.swift; sourceTree = "<group>"; };
		3CB39F0C2451FE7700B6AD0A /* SceneDelegate.swift */ = {isa = PBXFileReference; lastKnownFileType = sourcecode.swift; path = SceneDelegate.swift; sourceTree = "<group>"; };
		3CB39F0E2451FE7700B6AD0A /* CityDetails.swift */ = {isa = PBXFileReference; lastKnownFileType = sourcecode.swift; path = CityDetails.swift; sourceTree = "<group>"; };
		3CB39F102451FE7A00B6AD0A /* Assets.xcassets */ = {isa = PBXFileReference; lastKnownFileType = folder.assetcatalog; path = Assets.xcassets; sourceTree = "<group>"; };
		3CB39F132451FE7A00B6AD0A /* Preview Assets.xcassets */ = {isa = PBXFileReference; lastKnownFileType = folder.assetcatalog; path = "Preview Assets.xcassets"; sourceTree = "<group>"; };
		3CB39F162451FE7A00B6AD0A /* Base */ = {isa = PBXFileReference; lastKnownFileType = file.storyboard; name = Base; path = Base.lproj/LaunchScreen.storyboard; sourceTree = "<group>"; };
		3CB39F182451FE7A00B6AD0A /* Info.plist */ = {isa = PBXFileReference; lastKnownFileType = text.plist.xml; path = Info.plist; sourceTree = "<group>"; };
		3CB39F1E245201CB00B6AD0A /* CircleImage.swift */ = {isa = PBXFileReference; lastKnownFileType = sourcecode.swift; path = CircleImage.swift; sourceTree = "<group>"; };
		3CB39F20245204C000B6AD0A /* MapView.swift */ = {isa = PBXFileReference; lastKnownFileType = sourcecode.swift; path = MapView.swift; sourceTree = "<group>"; };
		3CE85FA12461A78100B7A893 /* FeaturedView.swift */ = {isa = PBXFileReference; lastKnownFileType = sourcecode.swift; path = FeaturedView.swift; sourceTree = "<group>"; };
		3CE85FA32461ABD800B7A893 /* PageControl.swift */ = {isa = PBXFileReference; lastKnownFileType = sourcecode.swift; path = PageControl.swift; sourceTree = "<group>"; };
/* End PBXFileReference section */

/* Begin PBXFrameworksBuildPhase section */
		3CB39F042451FE7700B6AD0A /* Frameworks */ = {
			isa = PBXFrameworksBuildPhase;
			buildActionMask = 2147483647;
			files = (
			);
			runOnlyForDeploymentPostprocessing = 0;
		};
/* End PBXFrameworksBuildPhase section */

/* Begin PBXGroup section */
		3C63F896245DC30800EBA3A7 /* Model */ = {
			isa = PBXGroup;
			children = (
				3C9F9C61245212FA00069BBC /* City.swift */,
				3C63F89E2460564F00EBA3A7 /* Data.swift */,
				3CB04EC62460884700A9EDBB /* UserData.swift */,
			);
			path = Model;
			sourceTree = "<group>";
		};
		3C63F8A424605FC100EBA3A7 /* Views */ = {
			isa = PBXGroup;
			children = (
				3CB04EC82460B7B500A9EDBB /* Home */,
				3C63F8A52460605600EBA3A7 /* Details */,
				3C63F8A62460607100EBA3A7 /* List */,
			);
			path = Views;
			sourceTree = "<group>";
		};
		3C63F8A52460605600EBA3A7 /* Details */ = {
			isa = PBXGroup;
			children = (
				3CB39F0E2451FE7700B6AD0A /* CityDetails.swift */,
				3CB39F1E245201CB00B6AD0A /* CircleImage.swift */,
				3CB39F20245204C000B6AD0A /* MapView.swift */,
			);
			path = Details;
			sourceTree = "<group>";
		};
		3C63F8A62460607100EBA3A7 /* List */ = {
			isa = PBXGroup;
			children = (
				3C63F8992460522900EBA3A7 /* CityRow.swift */,
				3C63F8A2246058C200EBA3A7 /* CityList.swift */,
			);
			path = List;
			sourceTree = "<group>";
		};
		3CB04EC82460B7B500A9EDBB /* Home */ = {
			isa = PBXGroup;
			children = (
				3CB04EC92460B7C100A9EDBB /* CategoryHome.swift */,
				3CB04ECB2460B8DC00A9EDBB /* CategoryRow.swift */,
				3CB04ECD2461A00900A9EDBB /* PageViewController.swift */,
				3CB04ECF2461A06900A9EDBB /* PageView.swift */,
				3CE85FA12461A78100B7A893 /* FeaturedView.swift */,
				3CE85FA32461ABD800B7A893 /* PageControl.swift */,
			);
			path = Home;
			sourceTree = "<group>";
		};
		3CB39EFE2451FE7700B6AD0A = {
			isa = PBXGroup;
			children = (
				3C87200F24606D7B00839B48 /* README.md */,
				3CB39F092451FE7700B6AD0A /* Places SwiftUI */,
				3CB39F082451FE7700B6AD0A /* Products */,
			);
			sourceTree = "<group>";
		};
		3CB39F082451FE7700B6AD0A /* Products */ = {
			isa = PBXGroup;
			children = (
				3CB39F072451FE7700B6AD0A /* Places.app */,
			);
			name = Products;
			sourceTree = "<group>";
		};
		3CB39F092451FE7700B6AD0A /* Places SwiftUI */ = {
			isa = PBXGroup;
			children = (
				3CB39F182451FE7A00B6AD0A /* Info.plist */,
				3CB39F0A2451FE7700B6AD0A /* AppDelegate.swift */,
				3CB39F0C2451FE7700B6AD0A /* SceneDelegate.swift */,
				3CB39F102451FE7A00B6AD0A /* Assets.xcassets */,
				3CB39F152451FE7A00B6AD0A /* LaunchScreen.storyboard */,
				3C63F896245DC30800EBA3A7 /* Model */,
				3CB39F122451FE7A00B6AD0A /* Preview Content */,
				3CE70902246213FF002FEFF6 /* Recources */,
				3C63F8A424605FC100EBA3A7 /* Views */,
			);
			path = "Places SwiftUI";
			sourceTree = "<group>";
		};
		3CB39F122451FE7A00B6AD0A /* Preview Content */ = {
			isa = PBXGroup;
			children = (
				3CB39F132451FE7A00B6AD0A /* Preview Assets.xcassets */,
			);
			path = "Preview Content";
			sourceTree = "<group>";
		};
		3CE70902246213FF002FEFF6 /* Recources */ = {
			isa = PBXGroup;
			children = (
				3C63F8A02460567000EBA3A7 /* citiesData.json */,
			);
			path = Recources;
			sourceTree = "<group>";
		};
/* End PBXGroup section */

/* Begin PBXNativeTarget section */
		3CB39F062451FE7700B6AD0A /* Places SwiftUI */ = {
			isa = PBXNativeTarget;
			buildConfigurationList = 3CB39F1B2451FE7A00B6AD0A /* Build configuration list for PBXNativeTarget "Places SwiftUI" */;
			buildPhases = (
				3CB39F032451FE7700B6AD0A /* Sources */,
				3CB39F042451FE7700B6AD0A /* Frameworks */,
				3CB39F052451FE7700B6AD0A /* Resources */,
			);
			buildRules = (
			);
			dependencies = (
			);
			name = "Places SwiftUI";
			productName = "Places SwiftUI";
			productReference = 3CB39F072451FE7700B6AD0A /* Places.app */;
			productType = "com.apple.product-type.application";
		};
/* End PBXNativeTarget section */

/* Begin PBXProject section */
		3CB39EFF2451FE7700B6AD0A /* Project object */ = {
			isa = PBXProject;
			attributes = {
				LastSwiftUpdateCheck = 1140;
				LastUpgradeCheck = 1140;
				ORGANIZATIONNAME = "Lynneker Souza";
				TargetAttributes = {
					3CB39F062451FE7700B6AD0A = {
						CreatedOnToolsVersion = 11.4.1;
					};
				};
			};
			buildConfigurationList = 3CB39F022451FE7700B6AD0A /* Build configuration list for PBXProject "Places SwiftUI" */;
			compatibilityVersion = "Xcode 9.3";
			developmentRegion = en;
			hasScannedForEncodings = 0;
			knownRegions = (
				en,
				Base,
			);
			mainGroup = 3CB39EFE2451FE7700B6AD0A;
			productRefGroup = 3CB39F082451FE7700B6AD0A /* Products */;
			projectDirPath = "";
			projectRoot = "";
			targets = (
				3CB39F062451FE7700B6AD0A /* Places SwiftUI */,
			);
		};
/* End PBXProject section */

/* Begin PBXResourcesBuildPhase section */
		3CB39F052451FE7700B6AD0A /* Resources */ = {
			isa = PBXResourcesBuildPhase;
			buildActionMask = 2147483647;
			files = (
				3CB39F172451FE7A00B6AD0A /* LaunchScreen.storyboard in Resources */,
				3CB39F142451FE7A00B6AD0A /* Preview Assets.xcassets in Resources */,
				3C87201024606D7B00839B48 /* README.md in Resources */,
				3CB39F112451FE7A00B6AD0A /* Assets.xcassets in Resources */,
				3C63F8A12460567000EBA3A7 /* citiesData.json in Resources */,
			);
			runOnlyForDeploymentPostprocessing = 0;
		};
/* End PBXResourcesBuildPhase section */

/* Begin PBXSourcesBuildPhase section */
		3CB39F032451FE7700B6AD0A /* Sources */ = {
			isa = PBXSourcesBuildPhase;
			buildActionMask = 2147483647;
			files = (
				3CB39F0B2451FE7700B6AD0A /* AppDelegate.swift in Sources */,
				3C63F8A3246058C200EBA3A7 /* CityList.swift in Sources */,
				3CB39F1F245201CB00B6AD0A /* CircleImage.swift in Sources */,
				3C63F89A2460522900EBA3A7 /* CityRow.swift in Sources */,
				3CB04ECA2460B7C100A9EDBB /* CategoryHome.swift in Sources */,
				3C9F9C62245212FA00069BBC /* City.swift in Sources */,
				3CB39F21245204C000B6AD0A /* MapView.swift in Sources */,
				3CB39F0D2451FE7700B6AD0A /* SceneDelegate.swift in Sources */,
				3CB39F0F2451FE7700B6AD0A /* CityDetails.swift in Sources */,
				3CB04EC72460884700A9EDBB /* UserData.swift in Sources */,
				3CE85FA42461ABD800B7A893 /* PageControl.swift in Sources */,
				3CB04ECE2461A00900A9EDBB /* PageViewController.swift in Sources */,
				3CB04ECC2460B8DC00A9EDBB /* CategoryRow.swift in Sources */,
				3C63F89F2460564F00EBA3A7 /* Data.swift in Sources */,
				3CE85FA22461A78100B7A893 /* FeaturedView.swift in Sources */,
				3CB04ED02461A06900A9EDBB /* PageView.swift in Sources */,
			);
			runOnlyForDeploymentPostprocessing = 0;
		};
/* End PBXSourcesBuildPhase section */

/* Begin PBXVariantGroup section */
		3CB39F152451FE7A00B6AD0A /* LaunchScreen.storyboard */ = {
			isa = PBXVariantGroup;
			children = (
				3CB39F162451FE7A00B6AD0A /* Base */,
			);
			name = LaunchScreen.storyboard;
			sourceTree = "<group>";
		};
/* End PBXVariantGroup section */

/* Begin XCBuildConfiguration section */
		3CB39F192451FE7A00B6AD0A /* Debug */ = {
			isa = XCBuildConfiguration;
			buildSettings = {
				ALWAYS_SEARCH_USER_PATHS = NO;
				CLANG_ANALYZER_NONNULL = YES;
				CLANG_ANALYZER_NUMBER_OBJECT_CONVERSION = YES_AGGRESSIVE;
				CLANG_CXX_LANGUAGE_STANDARD = "gnu++14";
				CLANG_CXX_LIBRARY = "libc++";
				CLANG_ENABLE_MODULES = YES;
				CLANG_ENABLE_OBJC_ARC = YES;
				CLANG_ENABLE_OBJC_WEAK = YES;
				CLANG_WARN_BLOCK_CAPTURE_AUTORELEASING = YES;
				CLANG_WARN_BOOL_CONVERSION = YES;
				CLANG_WARN_COMMA = YES;
				CLANG_WARN_CONSTANT_CONVERSION = YES;
				CLANG_WARN_DEPRECATED_OBJC_IMPLEMENTATIONS = YES;
				CLANG_WARN_DIRECT_OBJC_ISA_USAGE = YES_ERROR;
				CLANG_WARN_DOCUMENTATION_COMMENTS = YES;
				CLANG_WARN_EMPTY_BODY = YES;
				CLANG_WARN_ENUM_CONVERSION = YES;
				CLANG_WARN_INFINITE_RECURSION = YES;
				CLANG_WARN_INT_CONVERSION = YES;
				CLANG_WARN_NON_LITERAL_NULL_CONVERSION = YES;
				CLANG_WARN_OBJC_IMPLICIT_RETAIN_SELF = YES;
				CLANG_WARN_OBJC_LITERAL_CONVERSION = YES;
				CLANG_WARN_OBJC_ROOT_CLASS = YES_ERROR;
				CLANG_WARN_RANGE_LOOP_ANALYSIS = YES;
				CLANG_WARN_STRICT_PROTOTYPES = YES;
				CLANG_WARN_SUSPICIOUS_MOVE = YES;
				CLANG_WARN_UNGUARDED_AVAILABILITY = YES_AGGRESSIVE;
				CLANG_WARN_UNREACHABLE_CODE = YES;
				CLANG_WARN__DUPLICATE_METHOD_MATCH = YES;
				COPY_PHASE_STRIP = NO;
				DEBUG_INFORMATION_FORMAT = dwarf;
				ENABLE_STRICT_OBJC_MSGSEND = YES;
				ENABLE_TESTABILITY = YES;
				GCC_C_LANGUAGE_STANDARD = gnu11;
				GCC_DYNAMIC_NO_PIC = NO;
				GCC_NO_COMMON_BLOCKS = YES;
				GCC_OPTIMIZATION_LEVEL = 0;
				GCC_PREPROCESSOR_DEFINITIONS = (
					"DEBUG=1",
					"$(inherited)",
				);
				GCC_WARN_64_TO_32_BIT_CONVERSION = YES;
				GCC_WARN_ABOUT_RETURN_TYPE = YES_ERROR;
				GCC_WARN_UNDECLARED_SELECTOR = YES;
				GCC_WARN_UNINITIALIZED_AUTOS = YES_AGGRESSIVE;
				GCC_WARN_UNUSED_FUNCTION = YES;
				GCC_WARN_UNUSED_VARIABLE = YES;
				IPHONEOS_DEPLOYMENT_TARGET = 13.4;
				MTL_ENABLE_DEBUG_INFO = INCLUDE_SOURCE;
				MTL_FAST_MATH = YES;
				ONLY_ACTIVE_ARCH = YES;
				SDKROOT = iphoneos;
				SWIFT_ACTIVE_COMPILATION_CONDITIONS = DEBUG;
				SWIFT_OPTIMIZATION_LEVEL = "-Onone";
			};
			name = Debug;
		};
		3CB39F1A2451FE7A00B6AD0A /* Release */ = {
			isa = XCBuildConfiguration;
			buildSettings = {
				ALWAYS_SEARCH_USER_PATHS = NO;
				CLANG_ANALYZER_NONNULL = YES;
				CLANG_ANALYZER_NUMBER_OBJECT_CONVERSION = YES_AGGRESSIVE;
				CLANG_CXX_LANGUAGE_STANDARD = "gnu++14";
				CLANG_CXX_LIBRARY = "libc++";
				CLANG_ENABLE_MODULES = YES;
				CLANG_ENABLE_OBJC_ARC = YES;
				CLANG_ENABLE_OBJC_WEAK = YES;
				CLANG_WARN_BLOCK_CAPTURE_AUTORELEASING = YES;
				CLANG_WARN_BOOL_CONVERSION = YES;
				CLANG_WARN_COMMA = YES;
				CLANG_WARN_CONSTANT_CONVERSION = YES;
				CLANG_WARN_DEPRECATED_OBJC_IMPLEMENTATIONS = YES;
				CLANG_WARN_DIRECT_OBJC_ISA_USAGE = YES_ERROR;
				CLANG_WARN_DOCUMENTATION_COMMENTS = YES;
				CLANG_WARN_EMPTY_BODY = YES;
				CLANG_WARN_ENUM_CONVERSION = YES;
				CLANG_WARN_INFINITE_RECURSION = YES;
				CLANG_WARN_INT_CONVERSION = YES;
				CLANG_WARN_NON_LITERAL_NULL_CONVERSION = YES;
				CLANG_WARN_OBJC_IMPLICIT_RETAIN_SELF = YES;
				CLANG_WARN_OBJC_LITERAL_CONVERSION = YES;
				CLANG_WARN_OBJC_ROOT_CLASS = YES_ERROR;
				CLANG_WARN_RANGE_LOOP_ANALYSIS = YES;
				CLANG_WARN_STRICT_PROTOTYPES = YES;
				CLANG_WARN_SUSPICIOUS_MOVE = YES;
				CLANG_WARN_UNGUARDED_AVAILABILITY = YES_AGGRESSIVE;
				CLANG_WARN_UNREACHABLE_CODE = YES;
				CLANG_WARN__DUPLICATE_METHOD_MATCH = YES;
				COPY_PHASE_STRIP = NO;
				DEBUG_INFORMATION_FORMAT = "dwarf-with-dsym";
				ENABLE_NS_ASSERTIONS = NO;
				ENABLE_STRICT_OBJC_MSGSEND = YES;
				GCC_C_LANGUAGE_STANDARD = gnu11;
				GCC_NO_COMMON_BLOCKS = YES;
				GCC_WARN_64_TO_32_BIT_CONVERSION = YES;
				GCC_WARN_ABOUT_RETURN_TYPE = YES_ERROR;
				GCC_WARN_UNDECLARED_SELECTOR = YES;
				GCC_WARN_UNINITIALIZED_AUTOS = YES_AGGRESSIVE;
				GCC_WARN_UNUSED_FUNCTION = YES;
				GCC_WARN_UNUSED_VARIABLE = YES;
				IPHONEOS_DEPLOYMENT_TARGET = 13.4;
				MTL_ENABLE_DEBUG_INFO = NO;
				MTL_FAST_MATH = YES;
				SDKROOT = iphoneos;
				SWIFT_COMPILATION_MODE = wholemodule;
				SWIFT_OPTIMIZATION_LEVEL = "-O";
				VALIDATE_PRODUCT = YES;
			};
			name = Release;
		};
		3CB39F1C2451FE7A00B6AD0A /* Debug */ = {
			isa = XCBuildConfiguration;
			buildSettings = {
				ASSETCATALOG_COMPILER_APPICON_NAME = AppIcon;
				CODE_SIGN_STYLE = Automatic;
				DEVELOPMENT_ASSET_PATHS = "\"Places SwiftUI/Preview Content\"";
				DEVELOPMENT_TEAM = R24G4TMJR4;
				ENABLE_PREVIEWS = YES;
				INFOPLIST_FILE = "Places SwiftUI/Info.plist";
				IPHONEOS_DEPLOYMENT_TARGET = 13.0;
				LD_RUNPATH_SEARCH_PATHS = (
					"$(inherited)",
					"@executable_path/Frameworks",
				);
				PRODUCT_BUNDLE_IDENTIFIER = "lynneker.silva.Places-SwiftUI";
				PRODUCT_NAME = Places;
				SWIFT_VERSION = 5.0;
				TARGETED_DEVICE_FAMILY = 1;
			};
			name = Debug;
		};
		3CB39F1D2451FE7A00B6AD0A /* Release */ = {
			isa = XCBuildConfiguration;
			buildSettings = {
				ASSETCATALOG_COMPILER_APPICON_NAME = AppIcon;
				CODE_SIGN_STYLE = Automatic;
				DEVELOPMENT_ASSET_PATHS = "\"Places SwiftUI/Preview Content\"";
				DEVELOPMENT_TEAM = R24G4TMJR4;
				ENABLE_PREVIEWS = YES;
				INFOPLIST_FILE = "Places SwiftUI/Info.plist";
				IPHONEOS_DEPLOYMENT_TARGET = 13.0;
				LD_RUNPATH_SEARCH_PATHS = (
					"$(inherited)",
					"@executable_path/Frameworks",
				);
				PRODUCT_BUNDLE_IDENTIFIER = "lynneker.silva.Places-SwiftUI";
				PRODUCT_NAME = Places;
				SWIFT_VERSION = 5.0;
				TARGETED_DEVICE_FAMILY = 1;
			};
			name = Release;
		};
/* End XCBuildConfiguration section */

/* Begin XCConfigurationList section */
		3CB39F022451FE7700B6AD0A /* Build configuration list for PBXProject "Places SwiftUI" */ = {
			isa = XCConfigurationList;
			buildConfigurations = (
				3CB39F192451FE7A00B6AD0A /* Debug */,
				3CB39F1A2451FE7A00B6AD0A /* Release */,
			);
			defaultConfigurationIsVisible = 0;
			defaultConfigurationName = Release;
		};
		3CB39F1B2451FE7A00B6AD0A /* Build configuration list for PBXNativeTarget "Places SwiftUI" */ = {
			isa = XCConfigurationList;
			buildConfigurations = (
				3CB39F1C2451FE7A00B6AD0A /* Debug */,
				3CB39F1D2451FE7A00B6AD0A /* Release */,
			);
			defaultConfigurationIsVisible = 0;
			defaultConfigurationName = Release;
		};
/* End XCConfigurationList section */
	};
	rootObject = 3CB39EFF2451FE7700B6AD0A /* Project object */;
}
